
Microsoft Visual Studio Solution File, Format Version 12.00
# Visual Studio Version 17
VisualStudioVersion = 17.5.002.0
MinimumVisualStudioVersion = 10.0.40219.1
Project("{9A19103F-16F7-4668-BE54-9A1E7A4F7556}") = "ConfigWebApi", "ConfigWebApi.csproj", "{F08A6A74-2B1B-4298-9DB4-0C5EAA3F02FD}"
EndProject
Global
	GlobalSection(SolutionConfigurationPlatforms) = preSolution
		Debug|Any CPU = Debug|Any CPU
		Release|Any CPU = Release|Any CPU
	EndGlobalSection
	GlobalSection(ProjectConfigurationPlatforms) = postSolution
		{F08A6A74-2B1B-4298-9DB4-0C5EAA3F02FD}.Debug|Any CPU.ActiveCfg = Debug|Any CPU
		{F08A6A74-2B1B-4298-9DB4-0C5EAA3F02FD}.Debug|Any CPU.Build.0 = Debug|Any CPU
		{F08A6A74-2B1B-4298-9DB4-0C5EAA3F02FD}.Release|Any CPU.ActiveCfg = Release|Any CPU
		{F08A6A74-2B1B-4298-9DB4-0C5EAA3F02FD}.Release|Any CPU.Build.0 = Release|Any CPU
	EndGlobalSection
	GlobalSection(SolutionProperties) = preSolution
		HideSolutionNode = FALSE
	EndGlobalSection
	GlobalSection(ExtensibilityGlobals) = postSolution
		SolutionGuid = {9A35EA1E-E9DB-43A4-97D0-143B2295FB65}
	EndGlobalSection
EndGlobal
